// !$*UTF8*$!
{
	archiveVersion = 1;
	classes = {
	};
	objectVersion = 46;
	objects = {

/* Begin PBXBuildFile section */
		00E356F31AD99517003FC87E /* TerimaCurhatAsiTests.m in Sources */ = {isa = PBXBuildFile; fileRef = 00E356F21AD99517003FC87E /* TerimaCurhatAsiTests.m */; };
		13B07FBC1A68108700A75B9A /* AppDelegate.m in Sources */ = {isa = PBXBuildFile; fileRef = 13B07FB01A68108700A75B9A /* AppDelegate.m */; };
		13B07FBF1A68108700A75B9A /* Images.xcassets in Resources */ = {isa = PBXBuildFile; fileRef = 13B07FB51A68108700A75B9A /* Images.xcassets */; };
		13B07FC11A68108700A75B9A /* main.m in Sources */ = {isa = PBXBuildFile; fileRef = 13B07FB71A68108700A75B9A /* main.m */; };
		2D02E4BC1E0B4A80006451C7 /* AppDelegate.m in Sources */ = {isa = PBXBuildFile; fileRef = 13B07FB01A68108700A75B9A /* AppDelegate.m */; };
		2D02E4BD1E0B4A84006451C7 /* Images.xcassets in Resources */ = {isa = PBXBuildFile; fileRef = 13B07FB51A68108700A75B9A /* Images.xcassets */; };
		2D02E4BF1E0B4AB3006451C7 /* main.m in Sources */ = {isa = PBXBuildFile; fileRef = 13B07FB71A68108700A75B9A /* main.m */; };
		2DCD954D1E0B4F2C00145EB5 /* TerimaCurhatAsiTests.m in Sources */ = {isa = PBXBuildFile; fileRef = 00E356F21AD99517003FC87E /* TerimaCurhatAsiTests.m */; };
		81AB9BB82411601600AC10FF /* LaunchScreen.storyboard in Resources */ = {isa = PBXBuildFile; fileRef = 81AB9BB72411601600AC10FF /* LaunchScreen.storyboard */; };
		C67C6A86EE9C4427905F5E2B /* AntDesign.ttf in Resources */ = {isa = PBXBuildFile; fileRef = EBAF6081FDCD4E7D9CB4BC46 /* AntDesign.ttf */; };
		571944D8CF8543C8A237A760 /* Entypo.ttf in Resources */ = {isa = PBXBuildFile; fileRef = F4C61C42BEBA45D3BAA15707 /* Entypo.ttf */; };
		6DB21971A9AF42FCBE4A26FD /* EvilIcons.ttf in Resources */ = {isa = PBXBuildFile; fileRef = A8010B8C799442758AFF07B1 /* EvilIcons.ttf */; };
		1ED6B718BBBB4C708AC7BC82 /* Feather.ttf in Resources */ = {isa = PBXBuildFile; fileRef = 02CE177282FD4C29AA4ADCB8 /* Feather.ttf */; };
		71FA6199B477429CAE9672E3 /* FontAwesome.ttf in Resources */ = {isa = PBXBuildFile; fileRef = FA2541AF483E42B9A052380E /* FontAwesome.ttf */; };
		7685AB3062CB428EBFFD1F57 /* FontAwesome5_Brands.ttf in Resources */ = {isa = PBXBuildFile; fileRef = 9751004314E84C1E8B11609C /* FontAwesome5_Brands.ttf */; };
		DD15E7FEC3224E97AB6946AF /* FontAwesome5_Regular.ttf in Resources */ = {isa = PBXBuildFile; fileRef = A68E9AFB03EE448BA83134E0 /* FontAwesome5_Regular.ttf */; };
		E7B54EB930C84ADD997FC429 /* FontAwesome5_Solid.ttf in Resources */ = {isa = PBXBuildFile; fileRef = 26BCC2BE09AE441FBAC9BF31 /* FontAwesome5_Solid.ttf */; };
		08AAEC9FF50C43109D804671 /* Fontisto.ttf in Resources */ = {isa = PBXBuildFile; fileRef = 12F72CF1DC3F48708DCB9222 /* Fontisto.ttf */; };
		A017A01B9339402B96C4F023 /* Foundation.ttf in Resources */ = {isa = PBXBuildFile; fileRef = ECCA169AAE6E416AB2C426D9 /* Foundation.ttf */; };
		7057BF5E690A4BA28CEF79D2 /* Ionicons.ttf in Resources */ = {isa = PBXBuildFile; fileRef = B729930DD0C9428694FBA873 /* Ionicons.ttf */; };
		96840C2125164654A4EA0BFD /* MaterialCommunityIcons.ttf in Resources */ = {isa = PBXBuildFile; fileRef = 5F035F83D4B7426FB8A1C521 /* MaterialCommunityIcons.ttf */; };
		4FB66666D07043F993783539 /* MaterialIcons.ttf in Resources */ = {isa = PBXBuildFile; fileRef = 31CC934BB1C64C92A28A26BA /* MaterialIcons.ttf */; };
		A15A73801D484A21B718EF90 /* Octicons.ttf in Resources */ = {isa = PBXBuildFile; fileRef = D27DBB043C3E4626AF39B9DB /* Octicons.ttf */; };
		A13E07F50121477EAC3BFF9C /* SimpleLineIcons.ttf in Resources */ = {isa = PBXBuildFile; fileRef = 6BFC2B68AFC3418E80868067 /* SimpleLineIcons.ttf */; };
		77CC3ABEBDA64E8099365150 /* Zocial.ttf in Resources */ = {isa = PBXBuildFile; fileRef = 9A2F48E5E64842C5AC42145C /* Zocial.ttf */; };
		13AD9D5856B34531A4A62EA7 /* AdobeClean-Bold.ttf in Resources */ = {isa = PBXBuildFile; fileRef = 281227D543E742D0BF35B49F /* AdobeClean-Bold.ttf */; };
		5422B3C5808F461DA5179905 /* AdobeClean-BoldIt.ttf in Resources */ = {isa = PBXBuildFile; fileRef = A67762AF263E448D8A0CD7E0 /* AdobeClean-BoldIt.ttf */; };
		2C16C824E44044ABAF434081 /* AdobeClean-BoldSemiCn.ttf in Resources */ = {isa = PBXBuildFile; fileRef = 42741D6653B54BCEBF44E5B1 /* AdobeClean-BoldSemiCn.ttf */; };
		43F4B4155D9F4BB4837843B3 /* AdobeClean-BoldSemiCnIt.ttf in Resources */ = {isa = PBXBuildFile; fileRef = 2BAB572EF1D1405B845C2F56 /* AdobeClean-BoldSemiCnIt.ttf */; };
		8EF50B6BB7EC493492290947 /* AdobeClean-It.ttf in Resources */ = {isa = PBXBuildFile; fileRef = 5996A6A755CF43A6AA24ECBE /* AdobeClean-It.ttf */; };
		78790D7535C4431890767CC9 /* AdobeClean-Light.ttf in Resources */ = {isa = PBXBuildFile; fileRef = A0D4BF25F97849C191F0200A /* AdobeClean-Light.ttf */; };
		A3F4C33E374F4892A21E21FE /* AdobeClean-LightIt.ttf in Resources */ = {isa = PBXBuildFile; fileRef = CC4583BE08ED45F29FB2F8D7 /* AdobeClean-LightIt.ttf */; };
		15E566774EBB40C18FF80E99 /* AdobeClean-Regular.ttf in Resources */ = {isa = PBXBuildFile; fileRef = 337E680F6D424D689BBA7984 /* AdobeClean-Regular.ttf */; };
		24FF575AD67F45BCA42D8252 /* AdobeClean-SemiCn.ttf in Resources */ = {isa = PBXBuildFile; fileRef = 224AE5D97B054C6CB8CC3B94 /* AdobeClean-SemiCn.ttf */; };
		D5AEB660B5B24EDD9AE0BFAF /* AdobeClean-SemiCnIt.ttf in Resources */ = {isa = PBXBuildFile; fileRef = 7E5F97EDB9C54F4DB9CD5FFA /* AdobeClean-SemiCnIt.ttf */; };
		E9964CE2F659450192A0E737 /* AdobeClean-Bold.ttf in Resources */ = {isa = PBXBuildFile; fileRef = 9CD027C9E2D5404385009A77 /* AdobeClean-Bold.ttf */; };
		0C0C3B25BE30410F8D9471FA /* AdobeClean-BoldIt.ttf in Resources */ = {isa = PBXBuildFile; fileRef = CE87086DE4C14E6F97443369 /* AdobeClean-BoldIt.ttf */; };
		309CEF9A5F934C63896A82C0 /* AdobeClean-BoldSemiCn.ttf in Resources */ = {isa = PBXBuildFile; fileRef = 8F5501FB34CB44768D87CEC3 /* AdobeClean-BoldSemiCn.ttf */; };
		99741D9FFF034DCC990C637E /* AdobeClean-BoldSemiCnIt.ttf in Resources */ = {isa = PBXBuildFile; fileRef = 2D241C6529B545CE88723DF8 /* AdobeClean-BoldSemiCnIt.ttf */; };
		7869CD2128C645DA96EF1385 /* AdobeClean-It.ttf in Resources */ = {isa = PBXBuildFile; fileRef = 00CFD436510C4E45B4AAB23A /* AdobeClean-It.ttf */; };
		0620B6B6E0014A269C71386A /* AdobeClean-Light.ttf in Resources */ = {isa = PBXBuildFile; fileRef = 3A0688CEAB104AC587082276 /* AdobeClean-Light.ttf */; };
		30823DB05E2B40AF987661D2 /* AdobeClean-LightIt.ttf in Resources */ = {isa = PBXBuildFile; fileRef = 63A8EA4005E1448288A969E6 /* AdobeClean-LightIt.ttf */; };
		038082F18561449DA1A5984E /* AdobeClean-Regular.ttf in Resources */ = {isa = PBXBuildFile; fileRef = 72FA97745E3340AEA336E4FF /* AdobeClean-Regular.ttf */; };
		7A80C9A0DA5D451FBD37A518 /* AdobeClean-SemiCn.ttf in Resources */ = {isa = PBXBuildFile; fileRef = EA949CD30C6D4CBBA35966A6 /* AdobeClean-SemiCn.ttf */; };
		C9061C66335B4CB19F06E94C /* AdobeClean-SemiCnIt.ttf in Resources */ = {isa = PBXBuildFile; fileRef = 9CE04441600F421FBE3D1404 /* AdobeClean-SemiCnIt.ttf */; };
		A9D47EE906B14870A71C468E /* Montserrat-Thin.otf in Resources */ = {isa = PBXBuildFile; fileRef = 238B654F3C0E48D7871A6841 /* Montserrat-Thin.otf */; };
		593AE14150324B5880F8B9CE /* Muli-Black.ttf in Resources */ = {isa = PBXBuildFile; fileRef = C31493BA493C482B9351B5A2 /* Muli-Black.ttf */; };
		7C8C472588A243BE975B70E1 /* Muli-BlackItalic.ttf in Resources */ = {isa = PBXBuildFile; fileRef = B89EBB0415D0474DBD197259 /* Muli-BlackItalic.ttf */; };
		309606B8F6AE429BA1BA3636 /* Muli-Bold.ttf in Resources */ = {isa = PBXBuildFile; fileRef = A86A83E947A245A7B4B428CE /* Muli-Bold.ttf */; };
		B75F174BA4EA45F28D453702 /* Muli-BoldItalic.ttf in Resources */ = {isa = PBXBuildFile; fileRef = 63B57C0D5C004071A2E28981 /* Muli-BoldItalic.ttf */; };
		FC528E91DFCC4B098BB62289 /* Muli-ExtraBold.ttf in Resources */ = {isa = PBXBuildFile; fileRef = 6E93F42141F74C2BA4D27C67 /* Muli-ExtraBold.ttf */; };
		1DD7E3B28B21408FA09A96F9 /* Muli-ExtraBoldItalic.ttf in Resources */ = {isa = PBXBuildFile; fileRef = 219AFA089B2748AB847E23F9 /* Muli-ExtraBoldItalic.ttf */; };
		7B254D39C0B146DD82463DDE /* Muli-ExtraLight.ttf in Resources */ = {isa = PBXBuildFile; fileRef = 809EEB1D8E504817BB7719CA /* Muli-ExtraLight.ttf */; };
		E111D19B10B145218FAA3A93 /* Muli-ExtraLightItalic.ttf in Resources */ = {isa = PBXBuildFile; fileRef = F7DA600F418A41F381B2B3C7 /* Muli-ExtraLightItalic.ttf */; };
		5E4D851D8F0A40A4BD894BDA /* Muli-Italic.ttf in Resources */ = {isa = PBXBuildFile; fileRef = 18E7FC224F614ACBBE5338B6 /* Muli-Italic.ttf */; };
		CD482F246A7A4E7CBD67863D /* Muli-Light.ttf in Resources */ = {isa = PBXBuildFile; fileRef = 3BD438FD4CB948B185E20159 /* Muli-Light.ttf */; };
		20D79DC3EF2541D1915DFCEA /* Muli-LightItalic.ttf in Resources */ = {isa = PBXBuildFile; fileRef = 28EB99FD660A4D538E6A1CE6 /* Muli-LightItalic.ttf */; };
		1BFE08284FAA422EB217ACBB /* Muli-Regular.ttf in Resources */ = {isa = PBXBuildFile; fileRef = 69AB1032370D4A708919E3F9 /* Muli-Regular.ttf */; };
		182669858C7540749F839C59 /* Muli-SemiBold.ttf in Resources */ = {isa = PBXBuildFile; fileRef = 1A98D868EA3449E69CFE63BD /* Muli-SemiBold.ttf */; };
		81C80F96EE504B07A1F8D590 /* Muli-SemiBoldItalic.ttf in Resources */ = {isa = PBXBuildFile; fileRef = CB85BA1C367E4530893B673F /* Muli-SemiBoldItalic.ttf */; };
		7361D39E0250459F894FF976 /* OpenSans-Bold.ttf in Resources */ = {isa = PBXBuildFile; fileRef = 175A002F2CEE44469333AAB7 /* OpenSans-Bold.ttf */; };
		85C1F3BAF93043AF98DA7DF1 /* OpenSans-BoldItalic.ttf in Resources */ = {isa = PBXBuildFile; fileRef = FF82EEC2F1BE4294B8B57FA6 /* OpenSans-BoldItalic.ttf */; };
		6A7B8542F47844A0A2F62B03 /* OpenSans-ExtraBold.ttf in Resources */ = {isa = PBXBuildFile; fileRef = BFEDB354C7CA4DEFB805B085 /* OpenSans-ExtraBold.ttf */; };
		6439F4EC37984108B70073D1 /* OpenSans-ExtraBoldItalic.ttf in Resources */ = {isa = PBXBuildFile; fileRef = 3942674EC9A44C44A2889D73 /* OpenSans-ExtraBoldItalic.ttf */; };
		41D7A48266054B90893E19D7 /* OpenSans-Italic.ttf in Resources */ = {isa = PBXBuildFile; fileRef = E52C9F02A70648B89AC38F48 /* OpenSans-Italic.ttf */; };
		A565CF841AE74B1E964573D0 /* OpenSans-Light.ttf in Resources */ = {isa = PBXBuildFile; fileRef = E85A81C226FF44DF96A0D3E2 /* OpenSans-Light.ttf */; };
		635CFA74A50A41A6A94E36A5 /* OpenSans-LightItalic.ttf in Resources */ = {isa = PBXBuildFile; fileRef = DFB793FE76BF4B1FA7396DC7 /* OpenSans-LightItalic.ttf */; };
		94E6434BCCEB4326BBEA355A /* OpenSans-Regular.ttf in Resources */ = {isa = PBXBuildFile; fileRef = A940F42A35FE4BC5A659BA68 /* OpenSans-Regular.ttf */; };
		E7588C59AA3346AAAE060DD6 /* OpenSans-Semibold.ttf in Resources */ = {isa = PBXBuildFile; fileRef = C98D0E816D984F298D64A5B2 /* OpenSans-Semibold.ttf */; };
		2DF18CEBBD184CCC9862E44B /* OpenSans-SemiBoldItalic.ttf in Resources */ = {isa = PBXBuildFile; fileRef = 75A65C7DC6334138B4A02BDE /* OpenSans-SemiBoldItalic.ttf */; };
/* End PBXBuildFile section */

/* Begin PBXContainerItemProxy section */
		00E356F41AD99517003FC87E /* PBXContainerItemProxy */ = {
			isa = PBXContainerItemProxy;
			containerPortal = 83CBB9F71A601CBA00E9B192 /* Project object */;
			proxyType = 1;
			remoteGlobalIDString = 13B07F861A680F5B00A75B9A;
			remoteInfo = TerimaCurhatAsi;
		};
		2D02E4911E0B4A5D006451C7 /* PBXContainerItemProxy */ = {
			isa = PBXContainerItemProxy;
			containerPortal = 83CBB9F71A601CBA00E9B192 /* Project object */;
			proxyType = 1;
			remoteGlobalIDString = 2D02E47A1E0B4A5D006451C7;
			remoteInfo = "TerimaCurhatAsi-tvOS";
		};
/* End PBXContainerItemProxy section */

/* Begin PBXFileReference section */
		008F07F21AC5B25A0029DE68 /* main.jsbundle */ = {isa = PBXFileReference; fileEncoding = 4; lastKnownFileType = text; path = main.jsbundle; sourceTree = "<group>"; };
		00E356EE1AD99517003FC87E /* TerimaCurhatAsiTests.xctest */ = {isa = PBXFileReference; explicitFileType = wrapper.cfbundle; includeInIndex = 0; path = TerimaCurhatAsiTests.xctest; sourceTree = BUILT_PRODUCTS_DIR; };
		00E356F11AD99517003FC87E /* Info.plist */ = {isa = PBXFileReference; lastKnownFileType = text.plist.xml; path = Info.plist; sourceTree = "<group>"; };
		00E356F21AD99517003FC87E /* TerimaCurhatAsiTests.m */ = {isa = PBXFileReference; lastKnownFileType = sourcecode.c.objc; path = TerimaCurhatAsiTests.m; sourceTree = "<group>"; };
		13B07F961A680F5B00A75B9A /* TerimaCurhatAsi.app */ = {isa = PBXFileReference; explicitFileType = wrapper.application; includeInIndex = 0; path = TerimaCurhatAsi.app; sourceTree = BUILT_PRODUCTS_DIR; };
		13B07FAF1A68108700A75B9A /* AppDelegate.h */ = {isa = PBXFileReference; fileEncoding = 4; lastKnownFileType = sourcecode.c.h; name = AppDelegate.h; path = TerimaCurhatAsi/AppDelegate.h; sourceTree = "<group>"; };
		13B07FB01A68108700A75B9A /* AppDelegate.m */ = {isa = PBXFileReference; fileEncoding = 4; lastKnownFileType = sourcecode.c.objc; name = AppDelegate.m; path = TerimaCurhatAsi/AppDelegate.m; sourceTree = "<group>"; };
		13B07FB51A68108700A75B9A /* Images.xcassets */ = {isa = PBXFileReference; lastKnownFileType = folder.assetcatalog; name = Images.xcassets; path = TerimaCurhatAsi/Images.xcassets; sourceTree = "<group>"; };
		13B07FB61A68108700A75B9A /* Info.plist */ = {isa = PBXFileReference; fileEncoding = 4; lastKnownFileType = text.plist.xml; name = Info.plist; path = TerimaCurhatAsi/Info.plist; sourceTree = "<group>"; };
		13B07FB71A68108700A75B9A /* main.m */ = {isa = PBXFileReference; fileEncoding = 4; lastKnownFileType = sourcecode.c.objc; name = main.m; path = TerimaCurhatAsi/main.m; sourceTree = "<group>"; };
		2D02E47B1E0B4A5D006451C7 /* TerimaCurhatAsi-tvOS.app */ = {isa = PBXFileReference; explicitFileType = wrapper.application; includeInIndex = 0; path = "TerimaCurhatAsi-tvOS.app"; sourceTree = BUILT_PRODUCTS_DIR; };
		2D02E4901E0B4A5D006451C7 /* TerimaCurhatAsi-tvOSTests.xctest */ = {isa = PBXFileReference; explicitFileType = wrapper.cfbundle; includeInIndex = 0; path = "TerimaCurhatAsi-tvOSTests.xctest"; sourceTree = BUILT_PRODUCTS_DIR; };
		81AB9BB72411601600AC10FF /* LaunchScreen.storyboard */ = {isa = PBXFileReference; fileEncoding = 4; lastKnownFileType = file.storyboard; name = LaunchScreen.storyboard; path = TerimaCurhatAsi/LaunchScreen.storyboard; sourceTree = "<group>"; };
		ED297162215061F000B7C4FE /* JavaScriptCore.framework */ = {isa = PBXFileReference; lastKnownFileType = wrapper.framework; name = JavaScriptCore.framework; path = System/Library/Frameworks/JavaScriptCore.framework; sourceTree = SDKROOT; };
		ED2971642150620600B7C4FE /* JavaScriptCore.framework */ = {isa = PBXFileReference; lastKnownFileType = wrapper.framework; name = JavaScriptCore.framework; path = Platforms/AppleTVOS.platform/Developer/SDKs/AppleTVOS12.0.sdk/System/Library/Frameworks/JavaScriptCore.framework; sourceTree = DEVELOPER_DIR; };
		EBAF6081FDCD4E7D9CB4BC46 /* AntDesign.ttf */ = {isa = PBXFileReference; name = "AntDesign.ttf"; path = "../node_modules/react-native-vector-icons/Fonts/AntDesign.ttf"; sourceTree = "<group>"; fileEncoding = undefined; lastKnownFileType = unknown; explicitFileType = undefined; includeInIndex = 0; };
		F4C61C42BEBA45D3BAA15707 /* Entypo.ttf */ = {isa = PBXFileReference; name = "Entypo.ttf"; path = "../node_modules/react-native-vector-icons/Fonts/Entypo.ttf"; sourceTree = "<group>"; fileEncoding = undefined; lastKnownFileType = unknown; explicitFileType = undefined; includeInIndex = 0; };
		A8010B8C799442758AFF07B1 /* EvilIcons.ttf */ = {isa = PBXFileReference; name = "EvilIcons.ttf"; path = "../node_modules/react-native-vector-icons/Fonts/EvilIcons.ttf"; sourceTree = "<group>"; fileEncoding = undefined; lastKnownFileType = unknown; explicitFileType = undefined; includeInIndex = 0; };
		02CE177282FD4C29AA4ADCB8 /* Feather.ttf */ = {isa = PBXFileReference; name = "Feather.ttf"; path = "../node_modules/react-native-vector-icons/Fonts/Feather.ttf"; sourceTree = "<group>"; fileEncoding = undefined; lastKnownFileType = unknown; explicitFileType = undefined; includeInIndex = 0; };
		FA2541AF483E42B9A052380E /* FontAwesome.ttf */ = {isa = PBXFileReference; name = "FontAwesome.ttf"; path = "../node_modules/react-native-vector-icons/Fonts/FontAwesome.ttf"; sourceTree = "<group>"; fileEncoding = undefined; lastKnownFileType = unknown; explicitFileType = undefined; includeInIndex = 0; };
		9751004314E84C1E8B11609C /* FontAwesome5_Brands.ttf */ = {isa = PBXFileReference; name = "FontAwesome5_Brands.ttf"; path = "../node_modules/react-native-vector-icons/Fonts/FontAwesome5_Brands.ttf"; sourceTree = "<group>"; fileEncoding = undefined; lastKnownFileType = unknown; explicitFileType = undefined; includeInIndex = 0; };
		A68E9AFB03EE448BA83134E0 /* FontAwesome5_Regular.ttf */ = {isa = PBXFileReference; name = "FontAwesome5_Regular.ttf"; path = "../node_modules/react-native-vector-icons/Fonts/FontAwesome5_Regular.ttf"; sourceTree = "<group>"; fileEncoding = undefined; lastKnownFileType = unknown; explicitFileType = undefined; includeInIndex = 0; };
		26BCC2BE09AE441FBAC9BF31 /* FontAwesome5_Solid.ttf */ = {isa = PBXFileReference; name = "FontAwesome5_Solid.ttf"; path = "../node_modules/react-native-vector-icons/Fonts/FontAwesome5_Solid.ttf"; sourceTree = "<group>"; fileEncoding = undefined; lastKnownFileType = unknown; explicitFileType = undefined; includeInIndex = 0; };
		12F72CF1DC3F48708DCB9222 /* Fontisto.ttf */ = {isa = PBXFileReference; name = "Fontisto.ttf"; path = "../node_modules/react-native-vector-icons/Fonts/Fontisto.ttf"; sourceTree = "<group>"; fileEncoding = undefined; lastKnownFileType = unknown; explicitFileType = undefined; includeInIndex = 0; };
		ECCA169AAE6E416AB2C426D9 /* Foundation.ttf */ = {isa = PBXFileReference; name = "Foundation.ttf"; path = "../node_modules/react-native-vector-icons/Fonts/Foundation.ttf"; sourceTree = "<group>"; fileEncoding = undefined; lastKnownFileType = unknown; explicitFileType = undefined; includeInIndex = 0; };
		B729930DD0C9428694FBA873 /* Ionicons.ttf */ = {isa = PBXFileReference; name = "Ionicons.ttf"; path = "../node_modules/react-native-vector-icons/Fonts/Ionicons.ttf"; sourceTree = "<group>"; fileEncoding = undefined; lastKnownFileType = unknown; explicitFileType = undefined; includeInIndex = 0; };
		5F035F83D4B7426FB8A1C521 /* MaterialCommunityIcons.ttf */ = {isa = PBXFileReference; name = "MaterialCommunityIcons.ttf"; path = "../node_modules/react-native-vector-icons/Fonts/MaterialCommunityIcons.ttf"; sourceTree = "<group>"; fileEncoding = undefined; lastKnownFileType = unknown; explicitFileType = undefined; includeInIndex = 0; };
		31CC934BB1C64C92A28A26BA /* MaterialIcons.ttf */ = {isa = PBXFileReference; name = "MaterialIcons.ttf"; path = "../node_modules/react-native-vector-icons/Fonts/MaterialIcons.ttf"; sourceTree = "<group>"; fileEncoding = undefined; lastKnownFileType = unknown; explicitFileType = undefined; includeInIndex = 0; };
		D27DBB043C3E4626AF39B9DB /* Octicons.ttf */ = {isa = PBXFileReference; name = "Octicons.ttf"; path = "../node_modules/react-native-vector-icons/Fonts/Octicons.ttf"; sourceTree = "<group>"; fileEncoding = undefined; lastKnownFileType = unknown; explicitFileType = undefined; includeInIndex = 0; };
		6BFC2B68AFC3418E80868067 /* SimpleLineIcons.ttf */ = {isa = PBXFileReference; name = "SimpleLineIcons.ttf"; path = "../node_modules/react-native-vector-icons/Fonts/SimpleLineIcons.ttf"; sourceTree = "<group>"; fileEncoding = undefined; lastKnownFileType = unknown; explicitFileType = undefined; includeInIndex = 0; };
		9A2F48E5E64842C5AC42145C /* Zocial.ttf */ = {isa = PBXFileReference; name = "Zocial.ttf"; path = "../node_modules/react-native-vector-icons/Fonts/Zocial.ttf"; sourceTree = "<group>"; fileEncoding = undefined; lastKnownFileType = unknown; explicitFileType = undefined; includeInIndex = 0; };
		281227D543E742D0BF35B49F /* AdobeClean-Bold.ttf */ = {isa = PBXFileReference; name = "AdobeClean-Bold.ttf"; path = "../assets/fonts/AdobeClean-Bold.ttf"; sourceTree = "<group>"; fileEncoding = undefined; lastKnownFileType = unknown; explicitFileType = undefined; includeInIndex = 0; };
		A67762AF263E448D8A0CD7E0 /* AdobeClean-BoldIt.ttf */ = {isa = PBXFileReference; name = "AdobeClean-BoldIt.ttf"; path = "../assets/fonts/AdobeClean-BoldIt.ttf"; sourceTree = "<group>"; fileEncoding = undefined; lastKnownFileType = unknown; explicitFileType = undefined; includeInIndex = 0; };
		42741D6653B54BCEBF44E5B1 /* AdobeClean-BoldSemiCn.ttf */ = {isa = PBXFileReference; name = "AdobeClean-BoldSemiCn.ttf"; path = "../assets/fonts/AdobeClean-BoldSemiCn.ttf"; sourceTree = "<group>"; fileEncoding = undefined; lastKnownFileType = unknown; explicitFileType = undefined; includeInIndex = 0; };
		2BAB572EF1D1405B845C2F56 /* AdobeClean-BoldSemiCnIt.ttf */ = {isa = PBXFileReference; name = "AdobeClean-BoldSemiCnIt.ttf"; path = "../assets/fonts/AdobeClean-BoldSemiCnIt.ttf"; sourceTree = "<group>"; fileEncoding = undefined; lastKnownFileType = unknown; explicitFileType = undefined; includeInIndex = 0; };
		5996A6A755CF43A6AA24ECBE /* AdobeClean-It.ttf */ = {isa = PBXFileReference; name = "AdobeClean-It.ttf"; path = "../assets/fonts/AdobeClean-It.ttf"; sourceTree = "<group>"; fileEncoding = undefined; lastKnownFileType = unknown; explicitFileType = undefined; includeInIndex = 0; };
		A0D4BF25F97849C191F0200A /* AdobeClean-Light.ttf */ = {isa = PBXFileReference; name = "AdobeClean-Light.ttf"; path = "../assets/fonts/AdobeClean-Light.ttf"; sourceTree = "<group>"; fileEncoding = undefined; lastKnownFileType = unknown; explicitFileType = undefined; includeInIndex = 0; };
		CC4583BE08ED45F29FB2F8D7 /* AdobeClean-LightIt.ttf */ = {isa = PBXFileReference; name = "AdobeClean-LightIt.ttf"; path = "../assets/fonts/AdobeClean-LightIt.ttf"; sourceTree = "<group>"; fileEncoding = undefined; lastKnownFileType = unknown; explicitFileType = undefined; includeInIndex = 0; };
		337E680F6D424D689BBA7984 /* AdobeClean-Regular.ttf */ = {isa = PBXFileReference; name = "AdobeClean-Regular.ttf"; path = "../assets/fonts/AdobeClean-Regular.ttf"; sourceTree = "<group>"; fileEncoding = undefined; lastKnownFileType = unknown; explicitFileType = undefined; includeInIndex = 0; };
		224AE5D97B054C6CB8CC3B94 /* AdobeClean-SemiCn.ttf */ = {isa = PBXFileReference; name = "AdobeClean-SemiCn.ttf"; path = "../assets/fonts/AdobeClean-SemiCn.ttf"; sourceTree = "<group>"; fileEncoding = undefined; lastKnownFileType = unknown; explicitFileType = undefined; includeInIndex = 0; };
		7E5F97EDB9C54F4DB9CD5FFA /* AdobeClean-SemiCnIt.ttf */ = {isa = PBXFileReference; name = "AdobeClean-SemiCnIt.ttf"; path = "../assets/fonts/AdobeClean-SemiCnIt.ttf"; sourceTree = "<group>"; fileEncoding = undefined; lastKnownFileType = unknown; explicitFileType = undefined; includeInIndex = 0; };
		9CD027C9E2D5404385009A77 /* AdobeClean-Bold.ttf */ = {isa = PBXFileReference; name = "AdobeClean-Bold.ttf"; path = "../src/assets/fonts/AdobeClean-Bold.ttf"; sourceTree = "<group>"; fileEncoding = undefined; lastKnownFileType = unknown; explicitFileType = undefined; includeInIndex = 0; };
		CE87086DE4C14E6F97443369 /* AdobeClean-BoldIt.ttf */ = {isa = PBXFileReference; name = "AdobeClean-BoldIt.ttf"; path = "../src/assets/fonts/AdobeClean-BoldIt.ttf"; sourceTree = "<group>"; fileEncoding = undefined; lastKnownFileType = unknown; explicitFileType = undefined; includeInIndex = 0; };
		8F5501FB34CB44768D87CEC3 /* AdobeClean-BoldSemiCn.ttf */ = {isa = PBXFileReference; name = "AdobeClean-BoldSemiCn.ttf"; path = "../src/assets/fonts/AdobeClean-BoldSemiCn.ttf"; sourceTree = "<group>"; fileEncoding = undefined; lastKnownFileType = unknown; explicitFileType = undefined; includeInIndex = 0; };
		2D241C6529B545CE88723DF8 /* AdobeClean-BoldSemiCnIt.ttf */ = {isa = PBXFileReference; name = "AdobeClean-BoldSemiCnIt.ttf"; path = "../src/assets/fonts/AdobeClean-BoldSemiCnIt.ttf"; sourceTree = "<group>"; fileEncoding = undefined; lastKnownFileType = unknown; explicitFileType = undefined; includeInIndex = 0; };
		00CFD436510C4E45B4AAB23A /* AdobeClean-It.ttf */ = {isa = PBXFileReference; name = "AdobeClean-It.ttf"; path = "../src/assets/fonts/AdobeClean-It.ttf"; sourceTree = "<group>"; fileEncoding = undefined; lastKnownFileType = unknown; explicitFileType = undefined; includeInIndex = 0; };
		3A0688CEAB104AC587082276 /* AdobeClean-Light.ttf */ = {isa = PBXFileReference; name = "AdobeClean-Light.ttf"; path = "../src/assets/fonts/AdobeClean-Light.ttf"; sourceTree = "<group>"; fileEncoding = undefined; lastKnownFileType = unknown; explicitFileType = undefined; includeInIndex = 0; };
		63A8EA4005E1448288A969E6 /* AdobeClean-LightIt.ttf */ = {isa = PBXFileReference; name = "AdobeClean-LightIt.ttf"; path = "../src/assets/fonts/AdobeClean-LightIt.ttf"; sourceTree = "<group>"; fileEncoding = undefined; lastKnownFileType = unknown; explicitFileType = undefined; includeInIndex = 0; };
		72FA97745E3340AEA336E4FF /* AdobeClean-Regular.ttf */ = {isa = PBXFileReference; name = "AdobeClean-Regular.ttf"; path = "../src/assets/fonts/AdobeClean-Regular.ttf"; sourceTree = "<group>"; fileEncoding = undefined; lastKnownFileType = unknown; explicitFileType = undefined; includeInIndex = 0; };
		EA949CD30C6D4CBBA35966A6 /* AdobeClean-SemiCn.ttf */ = {isa = PBXFileReference; name = "AdobeClean-SemiCn.ttf"; path = "../src/assets/fonts/AdobeClean-SemiCn.ttf"; sourceTree = "<group>"; fileEncoding = undefined; lastKnownFileType = unknown; explicitFileType = undefined; includeInIndex = 0; };
		9CE04441600F421FBE3D1404 /* AdobeClean-SemiCnIt.ttf */ = {isa = PBXFileReference; name = "AdobeClean-SemiCnIt.ttf"; path = "../src/assets/fonts/AdobeClean-SemiCnIt.ttf"; sourceTree = "<group>"; fileEncoding = undefined; lastKnownFileType = unknown; explicitFileType = undefined; includeInIndex = 0; };
		238B654F3C0E48D7871A6841 /* Montserrat-Thin.otf */ = {isa = PBXFileReference; name = "Montserrat-Thin.otf"; path = "../src/assets/fonts/Montserrat-Thin.otf"; sourceTree = "<group>"; fileEncoding = undefined; lastKnownFileType = unknown; explicitFileType = undefined; includeInIndex = 0; };
		C31493BA493C482B9351B5A2 /* Muli-Black.ttf */ = {isa = PBXFileReference; name = "Muli-Black.ttf"; path = "../src/assets/fonts/Muli-Black.ttf"; sourceTree = "<group>"; fileEncoding = undefined; lastKnownFileType = unknown; explicitFileType = undefined; includeInIndex = 0; };
		B89EBB0415D0474DBD197259 /* Muli-BlackItalic.ttf */ = {isa = PBXFileReference; name = "Muli-BlackItalic.ttf"; path = "../src/assets/fonts/Muli-BlackItalic.ttf"; sourceTree = "<group>"; fileEncoding = undefined; lastKnownFileType = unknown; explicitFileType = undefined; includeInIndex = 0; };
		A86A83E947A245A7B4B428CE /* Muli-Bold.ttf */ = {isa = PBXFileReference; name = "Muli-Bold.ttf"; path = "../src/assets/fonts/Muli-Bold.ttf"; sourceTree = "<group>"; fileEncoding = undefined; lastKnownFileType = unknown; explicitFileType = undefined; includeInIndex = 0; };
		63B57C0D5C004071A2E28981 /* Muli-BoldItalic.ttf */ = {isa = PBXFileReference; name = "Muli-BoldItalic.ttf"; path = "../src/assets/fonts/Muli-BoldItalic.ttf"; sourceTree = "<group>"; fileEncoding = undefined; lastKnownFileType = unknown; explicitFileType = undefined; includeInIndex = 0; };
		6E93F42141F74C2BA4D27C67 /* Muli-ExtraBold.ttf */ = {isa = PBXFileReference; name = "Muli-ExtraBold.ttf"; path = "../src/assets/fonts/Muli-ExtraBold.ttf"; sourceTree = "<group>"; fileEncoding = undefined; lastKnownFileType = unknown; explicitFileType = undefined; includeInIndex = 0; };
		219AFA089B2748AB847E23F9 /* Muli-ExtraBoldItalic.ttf */ = {isa = PBXFileReference; name = "Muli-ExtraBoldItalic.ttf"; path = "../src/assets/fonts/Muli-ExtraBoldItalic.ttf"; sourceTree = "<group>"; fileEncoding = undefined; lastKnownFileType = unknown; explicitFileType = undefined; includeInIndex = 0; };
		809EEB1D8E504817BB7719CA /* Muli-ExtraLight.ttf */ = {isa = PBXFileReference; name = "Muli-ExtraLight.ttf"; path = "../src/assets/fonts/Muli-ExtraLight.ttf"; sourceTree = "<group>"; fileEncoding = undefined; lastKnownFileType = unknown; explicitFileType = undefined; includeInIndex = 0; };
		F7DA600F418A41F381B2B3C7 /* Muli-ExtraLightItalic.ttf */ = {isa = PBXFileReference; name = "Muli-ExtraLightItalic.ttf"; path = "../src/assets/fonts/Muli-ExtraLightItalic.ttf"; sourceTree = "<group>"; fileEncoding = undefined; lastKnownFileType = unknown; explicitFileType = undefined; includeInIndex = 0; };
		18E7FC224F614ACBBE5338B6 /* Muli-Italic.ttf */ = {isa = PBXFileReference; name = "Muli-Italic.ttf"; path = "../src/assets/fonts/Muli-Italic.ttf"; sourceTree = "<group>"; fileEncoding = undefined; lastKnownFileType = unknown; explicitFileType = undefined; includeInIndex = 0; };
		3BD438FD4CB948B185E20159 /* Muli-Light.ttf */ = {isa = PBXFileReference; name = "Muli-Light.ttf"; path = "../src/assets/fonts/Muli-Light.ttf"; sourceTree = "<group>"; fileEncoding = undefined; lastKnownFileType = unknown; explicitFileType = undefined; includeInIndex = 0; };
		28EB99FD660A4D538E6A1CE6 /* Muli-LightItalic.ttf */ = {isa = PBXFileReference; name = "Muli-LightItalic.ttf"; path = "../src/assets/fonts/Muli-LightItalic.ttf"; sourceTree = "<group>"; fileEncoding = undefined; lastKnownFileType = unknown; explicitFileType = undefined; includeInIndex = 0; };
		69AB1032370D4A708919E3F9 /* Muli-Regular.ttf */ = {isa = PBXFileReference; name = "Muli-Regular.ttf"; path = "../src/assets/fonts/Muli-Regular.ttf"; sourceTree = "<group>"; fileEncoding = undefined; lastKnownFileType = unknown; explicitFileType = undefined; includeInIndex = 0; };
		1A98D868EA3449E69CFE63BD /* Muli-SemiBold.ttf */ = {isa = PBXFileReference; name = "Muli-SemiBold.ttf"; path = "../src/assets/fonts/Muli-SemiBold.ttf"; sourceTree = "<group>"; fileEncoding = undefined; lastKnownFileType = unknown; explicitFileType = undefined; includeInIndex = 0; };
		CB85BA1C367E4530893B673F /* Muli-SemiBoldItalic.ttf */ = {isa = PBXFileReference; name = "Muli-SemiBoldItalic.ttf"; path = "../src/assets/fonts/Muli-SemiBoldItalic.ttf"; sourceTree = "<group>"; fileEncoding = undefined; lastKnownFileType = unknown; explicitFileType = undefined; includeInIndex = 0; };
		175A002F2CEE44469333AAB7 /* OpenSans-Bold.ttf */ = {isa = PBXFileReference; name = "OpenSans-Bold.ttf"; path = "../src/assets/fonts/OpenSans-Bold.ttf"; sourceTree = "<group>"; fileEncoding = undefined; lastKnownFileType = unknown; explicitFileType = undefined; includeInIndex = 0; };
		FF82EEC2F1BE4294B8B57FA6 /* OpenSans-BoldItalic.ttf */ = {isa = PBXFileReference; name = "OpenSans-BoldItalic.ttf"; path = "../src/assets/fonts/OpenSans-BoldItalic.ttf"; sourceTree = "<group>"; fileEncoding = undefined; lastKnownFileType = unknown; explicitFileType = undefined; includeInIndex = 0; };
		BFEDB354C7CA4DEFB805B085 /* OpenSans-ExtraBold.ttf */ = {isa = PBXFileReference; name = "OpenSans-ExtraBold.ttf"; path = "../src/assets/fonts/OpenSans-ExtraBold.ttf"; sourceTree = "<group>"; fileEncoding = undefined; lastKnownFileType = unknown; explicitFileType = undefined; includeInIndex = 0; };
		3942674EC9A44C44A2889D73 /* OpenSans-ExtraBoldItalic.ttf */ = {isa = PBXFileReference; name = "OpenSans-ExtraBoldItalic.ttf"; path = "../src/assets/fonts/OpenSans-ExtraBoldItalic.ttf"; sourceTree = "<group>"; fileEncoding = undefined; lastKnownFileType = unknown; explicitFileType = undefined; includeInIndex = 0; };
		E52C9F02A70648B89AC38F48 /* OpenSans-Italic.ttf */ = {isa = PBXFileReference; name = "OpenSans-Italic.ttf"; path = "../src/assets/fonts/OpenSans-Italic.ttf"; sourceTree = "<group>"; fileEncoding = undefined; lastKnownFileType = unknown; explicitFileType = undefined; includeInIndex = 0; };
		E85A81C226FF44DF96A0D3E2 /* OpenSans-Light.ttf */ = {isa = PBXFileReference; name = "OpenSans-Light.ttf"; path = "../src/assets/fonts/OpenSans-Light.ttf"; sourceTree = "<group>"; fileEncoding = undefined; lastKnownFileType = unknown; explicitFileType = undefined; includeInIndex = 0; };
		DFB793FE76BF4B1FA7396DC7 /* OpenSans-LightItalic.ttf */ = {isa = PBXFileReference; name = "OpenSans-LightItalic.ttf"; path = "../src/assets/fonts/OpenSans-LightItalic.ttf"; sourceTree = "<group>"; fileEncoding = undefined; lastKnownFileType = unknown; explicitFileType = undefined; includeInIndex = 0; };
		A940F42A35FE4BC5A659BA68 /* OpenSans-Regular.ttf */ = {isa = PBXFileReference; name = "OpenSans-Regular.ttf"; path = "../src/assets/fonts/OpenSans-Regular.ttf"; sourceTree = "<group>"; fileEncoding = undefined; lastKnownFileType = unknown; explicitFileType = undefined; includeInIndex = 0; };
		C98D0E816D984F298D64A5B2 /* OpenSans-Semibold.ttf */ = {isa = PBXFileReference; name = "OpenSans-Semibold.ttf"; path = "../src/assets/fonts/OpenSans-Semibold.ttf"; sourceTree = "<group>"; fileEncoding = undefined; lastKnownFileType = unknown; explicitFileType = undefined; includeInIndex = 0; };
		75A65C7DC6334138B4A02BDE /* OpenSans-SemiBoldItalic.ttf */ = {isa = PBXFileReference; name = "OpenSans-SemiBoldItalic.ttf"; path = "../src/assets/fonts/OpenSans-SemiBoldItalic.ttf"; sourceTree = "<group>"; fileEncoding = undefined; lastKnownFileType = unknown; explicitFileType = undefined; includeInIndex = 0; };
/* End PBXFileReference section */

/* Begin PBXFrameworksBuildPhase section */
		00E356EB1AD99517003FC87E /* Frameworks */ = {
			isa = PBXFrameworksBuildPhase;
			buildActionMask = 2147483647;
			files = (
			);
			runOnlyForDeploymentPostprocessing = 0;
		};
		13B07F8C1A680F5B00A75B9A /* Frameworks */ = {
			isa = PBXFrameworksBuildPhase;
			buildActionMask = 2147483647;
			files = (
			);
			runOnlyForDeploymentPostprocessing = 0;
		};
		2D02E4781E0B4A5D006451C7 /* Frameworks */ = {
			isa = PBXFrameworksBuildPhase;
			buildActionMask = 2147483647;
			files = (
			);
			runOnlyForDeploymentPostprocessing = 0;
		};
		2D02E48D1E0B4A5D006451C7 /* Frameworks */ = {
			isa = PBXFrameworksBuildPhase;
			buildActionMask = 2147483647;
			files = (
			);
			runOnlyForDeploymentPostprocessing = 0;
		};
/* End PBXFrameworksBuildPhase section */

/* Begin PBXGroup section */
		00E356EF1AD99517003FC87E /* TerimaCurhatAsiTests */ = {
			isa = PBXGroup;
			children = (
				00E356F21AD99517003FC87E /* TerimaCurhatAsiTests.m */,
				00E356F01AD99517003FC87E /* Supporting Files */,
			);
			path = TerimaCurhatAsiTests;
			sourceTree = "<group>";
		};
		00E356F01AD99517003FC87E /* Supporting Files */ = {
			isa = PBXGroup;
			children = (
				00E356F11AD99517003FC87E /* Info.plist */,
			);
			name = "Supporting Files";
			sourceTree = "<group>";
		};
		13B07FAE1A68108700A75B9A /* TerimaCurhatAsi */ = {
			isa = PBXGroup;
			children = (
				008F07F21AC5B25A0029DE68 /* main.jsbundle */,
				13B07FAF1A68108700A75B9A /* AppDelegate.h */,
				13B07FB01A68108700A75B9A /* AppDelegate.m */,
				13B07FB51A68108700A75B9A /* Images.xcassets */,
				13B07FB61A68108700A75B9A /* Info.plist */,
				81AB9BB72411601600AC10FF /* LaunchScreen.storyboard */,
				13B07FB71A68108700A75B9A /* main.m */,
			);
			name = TerimaCurhatAsi;
			sourceTree = "<group>";
		};
		2D16E6871FA4F8E400B85C8A /* Frameworks */ = {
			isa = PBXGroup;
			children = (
				ED297162215061F000B7C4FE /* JavaScriptCore.framework */,
				ED2971642150620600B7C4FE /* JavaScriptCore.framework */,
			);
			name = Frameworks;
			sourceTree = "<group>";
		};
		832341AE1AAA6A7D00B99B32 /* Libraries */ = {
			isa = PBXGroup;
			children = (
			);
			name = Libraries;
			sourceTree = "<group>";
		};
		83CBB9F61A601CBA00E9B192 = {
			isa = PBXGroup;
			children = (
				13B07FAE1A68108700A75B9A /* TerimaCurhatAsi */,
				832341AE1AAA6A7D00B99B32 /* Libraries */,
				00E356EF1AD99517003FC87E /* TerimaCurhatAsiTests */,
				83CBBA001A601CBA00E9B192 /* Products */,
				2D16E6871FA4F8E400B85C8A /* Frameworks */,
				F23932920B514E6CB854E775 /* Resources */,
			);
			indentWidth = 2;
			sourceTree = "<group>";
			tabWidth = 2;
			usesTabs = 0;
		};
		83CBBA001A601CBA00E9B192 /* Products */ = {
			isa = PBXGroup;
			children = (
				13B07F961A680F5B00A75B9A /* TerimaCurhatAsi.app */,
				00E356EE1AD99517003FC87E /* TerimaCurhatAsiTests.xctest */,
				2D02E47B1E0B4A5D006451C7 /* TerimaCurhatAsi-tvOS.app */,
				2D02E4901E0B4A5D006451C7 /* TerimaCurhatAsi-tvOSTests.xctest */,
			);
			name = Products;
			sourceTree = "<group>";
		};
		F23932920B514E6CB854E775 /* Resources */ = {
			isa = "PBXGroup";
			children = (
				EBAF6081FDCD4E7D9CB4BC46 /* AntDesign.ttf */,
				F4C61C42BEBA45D3BAA15707 /* Entypo.ttf */,
				A8010B8C799442758AFF07B1 /* EvilIcons.ttf */,
				02CE177282FD4C29AA4ADCB8 /* Feather.ttf */,
				FA2541AF483E42B9A052380E /* FontAwesome.ttf */,
				9751004314E84C1E8B11609C /* FontAwesome5_Brands.ttf */,
				A68E9AFB03EE448BA83134E0 /* FontAwesome5_Regular.ttf */,
				26BCC2BE09AE441FBAC9BF31 /* FontAwesome5_Solid.ttf */,
				12F72CF1DC3F48708DCB9222 /* Fontisto.ttf */,
				ECCA169AAE6E416AB2C426D9 /* Foundation.ttf */,
				B729930DD0C9428694FBA873 /* Ionicons.ttf */,
				5F035F83D4B7426FB8A1C521 /* MaterialCommunityIcons.ttf */,
				31CC934BB1C64C92A28A26BA /* MaterialIcons.ttf */,
				D27DBB043C3E4626AF39B9DB /* Octicons.ttf */,
				6BFC2B68AFC3418E80868067 /* SimpleLineIcons.ttf */,
				9A2F48E5E64842C5AC42145C /* Zocial.ttf */,
				281227D543E742D0BF35B49F /* AdobeClean-Bold.ttf */,
				A67762AF263E448D8A0CD7E0 /* AdobeClean-BoldIt.ttf */,
				42741D6653B54BCEBF44E5B1 /* AdobeClean-BoldSemiCn.ttf */,
				2BAB572EF1D1405B845C2F56 /* AdobeClean-BoldSemiCnIt.ttf */,
				5996A6A755CF43A6AA24ECBE /* AdobeClean-It.ttf */,
				A0D4BF25F97849C191F0200A /* AdobeClean-Light.ttf */,
				CC4583BE08ED45F29FB2F8D7 /* AdobeClean-LightIt.ttf */,
				337E680F6D424D689BBA7984 /* AdobeClean-Regular.ttf */,
				224AE5D97B054C6CB8CC3B94 /* AdobeClean-SemiCn.ttf */,
				7E5F97EDB9C54F4DB9CD5FFA /* AdobeClean-SemiCnIt.ttf */,
				9CD027C9E2D5404385009A77 /* AdobeClean-Bold.ttf */,
				CE87086DE4C14E6F97443369 /* AdobeClean-BoldIt.ttf */,
				8F5501FB34CB44768D87CEC3 /* AdobeClean-BoldSemiCn.ttf */,
				2D241C6529B545CE88723DF8 /* AdobeClean-BoldSemiCnIt.ttf */,
				00CFD436510C4E45B4AAB23A /* AdobeClean-It.ttf */,
				3A0688CEAB104AC587082276 /* AdobeClean-Light.ttf */,
				63A8EA4005E1448288A969E6 /* AdobeClean-LightIt.ttf */,
				72FA97745E3340AEA336E4FF /* AdobeClean-Regular.ttf */,
				EA949CD30C6D4CBBA35966A6 /* AdobeClean-SemiCn.ttf */,
				9CE04441600F421FBE3D1404 /* AdobeClean-SemiCnIt.ttf */,
				238B654F3C0E48D7871A6841 /* Montserrat-Thin.otf */,
				C31493BA493C482B9351B5A2 /* Muli-Black.ttf */,
				B89EBB0415D0474DBD197259 /* Muli-BlackItalic.ttf */,
				A86A83E947A245A7B4B428CE /* Muli-Bold.ttf */,
				63B57C0D5C004071A2E28981 /* Muli-BoldItalic.ttf */,
				6E93F42141F74C2BA4D27C67 /* Muli-ExtraBold.ttf */,
				219AFA089B2748AB847E23F9 /* Muli-ExtraBoldItalic.ttf */,
				809EEB1D8E504817BB7719CA /* Muli-ExtraLight.ttf */,
				F7DA600F418A41F381B2B3C7 /* Muli-ExtraLightItalic.ttf */,
				18E7FC224F614ACBBE5338B6 /* Muli-Italic.ttf */,
				3BD438FD4CB948B185E20159 /* Muli-Light.ttf */,
				28EB99FD660A4D538E6A1CE6 /* Muli-LightItalic.ttf */,
				69AB1032370D4A708919E3F9 /* Muli-Regular.ttf */,
				1A98D868EA3449E69CFE63BD /* Muli-SemiBold.ttf */,
				CB85BA1C367E4530893B673F /* Muli-SemiBoldItalic.ttf */,
				175A002F2CEE44469333AAB7 /* OpenSans-Bold.ttf */,
				FF82EEC2F1BE4294B8B57FA6 /* OpenSans-BoldItalic.ttf */,
				BFEDB354C7CA4DEFB805B085 /* OpenSans-ExtraBold.ttf */,
				3942674EC9A44C44A2889D73 /* OpenSans-ExtraBoldItalic.ttf */,
				E52C9F02A70648B89AC38F48 /* OpenSans-Italic.ttf */,
				E85A81C226FF44DF96A0D3E2 /* OpenSans-Light.ttf */,
				DFB793FE76BF4B1FA7396DC7 /* OpenSans-LightItalic.ttf */,
				A940F42A35FE4BC5A659BA68 /* OpenSans-Regular.ttf */,
				C98D0E816D984F298D64A5B2 /* OpenSans-Semibold.ttf */,
				75A65C7DC6334138B4A02BDE /* OpenSans-SemiBoldItalic.ttf */,
			);
			name = Resources;
			sourceTree = "<group>";
			path = "";
		};
/* End PBXGroup section */

/* Begin PBXNativeTarget section */
		00E356ED1AD99517003FC87E /* TerimaCurhatAsiTests */ = {
			isa = PBXNativeTarget;
			buildConfigurationList = 00E357021AD99517003FC87E /* Build configuration list for PBXNativeTarget "TerimaCurhatAsiTests" */;
			buildPhases = (
				00E356EA1AD99517003FC87E /* Sources */,
				00E356EB1AD99517003FC87E /* Frameworks */,
				00E356EC1AD99517003FC87E /* Resources */,
			);
			buildRules = (
			);
			dependencies = (
				00E356F51AD99517003FC87E /* PBXTargetDependency */,
			);
			name = TerimaCurhatAsiTests;
			productName = TerimaCurhatAsiTests;
			productReference = 00E356EE1AD99517003FC87E /* TerimaCurhatAsiTests.xctest */;
			productType = "com.apple.product-type.bundle.unit-test";
		};
		13B07F861A680F5B00A75B9A /* TerimaCurhatAsi */ = {
			isa = PBXNativeTarget;
			buildConfigurationList = 13B07F931A680F5B00A75B9A /* Build configuration list for PBXNativeTarget "TerimaCurhatAsi" */;
			buildPhases = (
				FD10A7F022414F080027D42C /* Start Packager */,
				13B07F871A680F5B00A75B9A /* Sources */,
				13B07F8C1A680F5B00A75B9A /* Frameworks */,
				13B07F8E1A680F5B00A75B9A /* Resources */,
				00DD1BFF1BD5951E006B06BC /* Bundle React Native code and images */,
			);
			buildRules = (
			);
			dependencies = (
			);
			name = TerimaCurhatAsi;
			productName = TerimaCurhatAsi;
			productReference = 13B07F961A680F5B00A75B9A /* TerimaCurhatAsi.app */;
			productType = "com.apple.product-type.application";
		};
		2D02E47A1E0B4A5D006451C7 /* TerimaCurhatAsi-tvOS */ = {
			isa = PBXNativeTarget;
			buildConfigurationList = 2D02E4BA1E0B4A5E006451C7 /* Build configuration list for PBXNativeTarget "TerimaCurhatAsi-tvOS" */;
			buildPhases = (
				FD10A7F122414F3F0027D42C /* Start Packager */,
				2D02E4771E0B4A5D006451C7 /* Sources */,
				2D02E4781E0B4A5D006451C7 /* Frameworks */,
				2D02E4791E0B4A5D006451C7 /* Resources */,
				2D02E4CB1E0B4B27006451C7 /* Bundle React Native Code And Images */,
			);
			buildRules = (
			);
			dependencies = (
			);
			name = "TerimaCurhatAsi-tvOS";
			productName = "TerimaCurhatAsi-tvOS";
			productReference = 2D02E47B1E0B4A5D006451C7 /* TerimaCurhatAsi-tvOS.app */;
			productType = "com.apple.product-type.application";
		};
		2D02E48F1E0B4A5D006451C7 /* TerimaCurhatAsi-tvOSTests */ = {
			isa = PBXNativeTarget;
			buildConfigurationList = 2D02E4BB1E0B4A5E006451C7 /* Build configuration list for PBXNativeTarget "TerimaCurhatAsi-tvOSTests" */;
			buildPhases = (
				2D02E48C1E0B4A5D006451C7 /* Sources */,
				2D02E48D1E0B4A5D006451C7 /* Frameworks */,
				2D02E48E1E0B4A5D006451C7 /* Resources */,
			);
			buildRules = (
			);
			dependencies = (
				2D02E4921E0B4A5D006451C7 /* PBXTargetDependency */,
			);
			name = "TerimaCurhatAsi-tvOSTests";
			productName = "TerimaCurhatAsi-tvOSTests";
			productReference = 2D02E4901E0B4A5D006451C7 /* TerimaCurhatAsi-tvOSTests.xctest */;
			productType = "com.apple.product-type.bundle.unit-test";
		};
/* End PBXNativeTarget section */

/* Begin PBXProject section */
		83CBB9F71A601CBA00E9B192 /* Project object */ = {
			isa = PBXProject;
			attributes = {
				LastUpgradeCheck = 1130;
				TargetAttributes = {
					00E356ED1AD99517003FC87E = {
						CreatedOnToolsVersion = 6.2;
						TestTargetID = 13B07F861A680F5B00A75B9A;
					};
					13B07F861A680F5B00A75B9A = {
						LastSwiftMigration = 1120;
					};
					2D02E47A1E0B4A5D006451C7 = {
						CreatedOnToolsVersion = 8.2.1;
						ProvisioningStyle = Automatic;
					};
					2D02E48F1E0B4A5D006451C7 = {
						CreatedOnToolsVersion = 8.2.1;
						ProvisioningStyle = Automatic;
						TestTargetID = 2D02E47A1E0B4A5D006451C7;
					};
				};
			};
			buildConfigurationList = 83CBB9FA1A601CBA00E9B192 /* Build configuration list for PBXProject "TerimaCurhatAsi" */;
			compatibilityVersion = "Xcode 3.2";
			developmentRegion = en;
			hasScannedForEncodings = 0;
			knownRegions = (
				en,
				Base,
			);
			mainGroup = 83CBB9F61A601CBA00E9B192;
			productRefGroup = 83CBBA001A601CBA00E9B192 /* Products */;
			projectDirPath = "";
			projectRoot = "";
			targets = (
				13B07F861A680F5B00A75B9A /* TerimaCurhatAsi */,
				00E356ED1AD99517003FC87E /* TerimaCurhatAsiTests */,
				2D02E47A1E0B4A5D006451C7 /* TerimaCurhatAsi-tvOS */,
				2D02E48F1E0B4A5D006451C7 /* TerimaCurhatAsi-tvOSTests */,
			);
		};
/* End PBXProject section */

/* Begin PBXResourcesBuildPhase section */
		00E356EC1AD99517003FC87E /* Resources */ = {
			isa = PBXResourcesBuildPhase;
			buildActionMask = 2147483647;
			files = (
			);
			runOnlyForDeploymentPostprocessing = 0;
		};
		13B07F8E1A680F5B00A75B9A /* Resources */ = {
			isa = PBXResourcesBuildPhase;
			buildActionMask = 2147483647;
			files = (
				81AB9BB82411601600AC10FF /* LaunchScreen.storyboard in Resources */,
				13B07FBF1A68108700A75B9A /* Images.xcassets in Resources */,
				C67C6A86EE9C4427905F5E2B /* AntDesign.ttf in Resources */,
				571944D8CF8543C8A237A760 /* Entypo.ttf in Resources */,
				6DB21971A9AF42FCBE4A26FD /* EvilIcons.ttf in Resources */,
				1ED6B718BBBB4C708AC7BC82 /* Feather.ttf in Resources */,
				71FA6199B477429CAE9672E3 /* FontAwesome.ttf in Resources */,
				7685AB3062CB428EBFFD1F57 /* FontAwesome5_Brands.ttf in Resources */,
				DD15E7FEC3224E97AB6946AF /* FontAwesome5_Regular.ttf in Resources */,
				E7B54EB930C84ADD997FC429 /* FontAwesome5_Solid.ttf in Resources */,
				08AAEC9FF50C43109D804671 /* Fontisto.ttf in Resources */,
				A017A01B9339402B96C4F023 /* Foundation.ttf in Resources */,
				7057BF5E690A4BA28CEF79D2 /* Ionicons.ttf in Resources */,
				96840C2125164654A4EA0BFD /* MaterialCommunityIcons.ttf in Resources */,
				4FB66666D07043F993783539 /* MaterialIcons.ttf in Resources */,
				A15A73801D484A21B718EF90 /* Octicons.ttf in Resources */,
				A13E07F50121477EAC3BFF9C /* SimpleLineIcons.ttf in Resources */,
				77CC3ABEBDA64E8099365150 /* Zocial.ttf in Resources */,
				13AD9D5856B34531A4A62EA7 /* AdobeClean-Bold.ttf in Resources */,
				5422B3C5808F461DA5179905 /* AdobeClean-BoldIt.ttf in Resources */,
				2C16C824E44044ABAF434081 /* AdobeClean-BoldSemiCn.ttf in Resources */,
				43F4B4155D9F4BB4837843B3 /* AdobeClean-BoldSemiCnIt.ttf in Resources */,
				8EF50B6BB7EC493492290947 /* AdobeClean-It.ttf in Resources */,
				78790D7535C4431890767CC9 /* AdobeClean-Light.ttf in Resources */,
				A3F4C33E374F4892A21E21FE /* AdobeClean-LightIt.ttf in Resources */,
				15E566774EBB40C18FF80E99 /* AdobeClean-Regular.ttf in Resources */,
				24FF575AD67F45BCA42D8252 /* AdobeClean-SemiCn.ttf in Resources */,
				D5AEB660B5B24EDD9AE0BFAF /* AdobeClean-SemiCnIt.ttf in Resources */,
				E9964CE2F659450192A0E737 /* AdobeClean-Bold.ttf in Resources */,
				0C0C3B25BE30410F8D9471FA /* AdobeClean-BoldIt.ttf in Resources */,
				309CEF9A5F934C63896A82C0 /* AdobeClean-BoldSemiCn.ttf in Resources */,
				99741D9FFF034DCC990C637E /* AdobeClean-BoldSemiCnIt.ttf in Resources */,
				7869CD2128C645DA96EF1385 /* AdobeClean-It.ttf in Resources */,
				0620B6B6E0014A269C71386A /* AdobeClean-Light.ttf in Resources */,
				30823DB05E2B40AF987661D2 /* AdobeClean-LightIt.ttf in Resources */,
				038082F18561449DA1A5984E /* AdobeClean-Regular.ttf in Resources */,
				7A80C9A0DA5D451FBD37A518 /* AdobeClean-SemiCn.ttf in Resources */,
				C9061C66335B4CB19F06E94C /* AdobeClean-SemiCnIt.ttf in Resources */,
				A9D47EE906B14870A71C468E /* Montserrat-Thin.otf in Resources */,
				593AE14150324B5880F8B9CE /* Muli-Black.ttf in Resources */,
				7C8C472588A243BE975B70E1 /* Muli-BlackItalic.ttf in Resources */,
				309606B8F6AE429BA1BA3636 /* Muli-Bold.ttf in Resources */,
				B75F174BA4EA45F28D453702 /* Muli-BoldItalic.ttf in Resources */,
				FC528E91DFCC4B098BB62289 /* Muli-ExtraBold.ttf in Resources */,
				1DD7E3B28B21408FA09A96F9 /* Muli-ExtraBoldItalic.ttf in Resources */,
				7B254D39C0B146DD82463DDE /* Muli-ExtraLight.ttf in Resources */,
				E111D19B10B145218FAA3A93 /* Muli-ExtraLightItalic.ttf in Resources */,
				5E4D851D8F0A40A4BD894BDA /* Muli-Italic.ttf in Resources */,
				CD482F246A7A4E7CBD67863D /* Muli-Light.ttf in Resources */,
				20D79DC3EF2541D1915DFCEA /* Muli-LightItalic.ttf in Resources */,
				1BFE08284FAA422EB217ACBB /* Muli-Regular.ttf in Resources */,
				182669858C7540749F839C59 /* Muli-SemiBold.ttf in Resources */,
				81C80F96EE504B07A1F8D590 /* Muli-SemiBoldItalic.ttf in Resources */,
				7361D39E0250459F894FF976 /* OpenSans-Bold.ttf in Resources */,
				85C1F3BAF93043AF98DA7DF1 /* OpenSans-BoldItalic.ttf in Resources */,
				6A7B8542F47844A0A2F62B03 /* OpenSans-ExtraBold.ttf in Resources */,
				6439F4EC37984108B70073D1 /* OpenSans-ExtraBoldItalic.ttf in Resources */,
				41D7A48266054B90893E19D7 /* OpenSans-Italic.ttf in Resources */,
				A565CF841AE74B1E964573D0 /* OpenSans-Light.ttf in Resources */,
				635CFA74A50A41A6A94E36A5 /* OpenSans-LightItalic.ttf in Resources */,
				94E6434BCCEB4326BBEA355A /* OpenSans-Regular.ttf in Resources */,
				E7588C59AA3346AAAE060DD6 /* OpenSans-Semibold.ttf in Resources */,
				2DF18CEBBD184CCC9862E44B /* OpenSans-SemiBoldItalic.ttf in Resources */,
			);
			runOnlyForDeploymentPostprocessing = 0;
		};
		2D02E4791E0B4A5D006451C7 /* Resources */ = {
			isa = PBXResourcesBuildPhase;
			buildActionMask = 2147483647;
			files = (
				2D02E4BD1E0B4A84006451C7 /* Images.xcassets in Resources */,
			);
			runOnlyForDeploymentPostprocessing = 0;
		};
		2D02E48E1E0B4A5D006451C7 /* Resources */ = {
			isa = PBXResourcesBuildPhase;
			buildActionMask = 2147483647;
			files = (
			);
			runOnlyForDeploymentPostprocessing = 0;
		};
/* End PBXResourcesBuildPhase section */

/* Begin PBXShellScriptBuildPhase section */
		00DD1BFF1BD5951E006B06BC /* Bundle React Native code and images */ = {
			isa = PBXShellScriptBuildPhase;
			buildActionMask = 2147483647;
			files = (
			);
			inputPaths = (
			);
			name = "Bundle React Native code and images";
			outputPaths = (
			);
			runOnlyForDeploymentPostprocessing = 0;
			shellPath = /bin/sh;
			shellScript = "export NODE_BINARY=node\n../node_modules/react-native/scripts/react-native-xcode.sh";
		};
		2D02E4CB1E0B4B27006451C7 /* Bundle React Native Code And Images */ = {
			isa = PBXShellScriptBuildPhase;
			buildActionMask = 2147483647;
			files = (
			);
			inputPaths = (
			);
			name = "Bundle React Native Code And Images";
			outputPaths = (
			);
			runOnlyForDeploymentPostprocessing = 0;
			shellPath = /bin/sh;
			shellScript = "export NODE_BINARY=node\n../node_modules/react-native/scripts/react-native-xcode.sh";
		};
		FD10A7F022414F080027D42C /* Start Packager */ = {
			isa = PBXShellScriptBuildPhase;
			buildActionMask = 2147483647;
			files = (
			);
			inputFileListPaths = (
			);
			inputPaths = (
			);
			name = "Start Packager";
			outputFileListPaths = (
			);
			outputPaths = (
			);
			runOnlyForDeploymentPostprocessing = 0;
			shellPath = /bin/sh;
			shellScript = "export RCT_METRO_PORT=\"${RCT_METRO_PORT:=8081}\"\necho \"export RCT_METRO_PORT=${RCT_METRO_PORT}\" > \"${SRCROOT}/../node_modules/react-native/scripts/.packager.env\"\nif [ -z \"${RCT_NO_LAUNCH_PACKAGER+xxx}\" ] ; then\n  if nc -w 5 -z localhost ${RCT_METRO_PORT} ; then\n    if ! curl -s \"http://localhost:${RCT_METRO_PORT}/status\" | grep -q \"packager-status:running\" ; then\n      echo \"Port ${RCT_METRO_PORT} already in use, packager is either not running or not running correctly\"\n      exit 2\n    fi\n  else\n    open \"$SRCROOT/../node_modules/react-native/scripts/launchPackager.command\" || echo \"Can't start packager automatically\"\n  fi\nfi\n";
			showEnvVarsInLog = 0;
		};
		FD10A7F122414F3F0027D42C /* Start Packager */ = {
			isa = PBXShellScriptBuildPhase;
			buildActionMask = 2147483647;
			files = (
			);
			inputFileListPaths = (
			);
			inputPaths = (
			);
			name = "Start Packager";
			outputFileListPaths = (
			);
			outputPaths = (
			);
			runOnlyForDeploymentPostprocessing = 0;
			shellPath = /bin/sh;
			shellScript = "export RCT_METRO_PORT=\"${RCT_METRO_PORT:=8081}\"\necho \"export RCT_METRO_PORT=${RCT_METRO_PORT}\" > \"${SRCROOT}/../node_modules/react-native/scripts/.packager.env\"\nif [ -z \"${RCT_NO_LAUNCH_PACKAGER+xxx}\" ] ; then\n  if nc -w 5 -z localhost ${RCT_METRO_PORT} ; then\n    if ! curl -s \"http://localhost:${RCT_METRO_PORT}/status\" | grep -q \"packager-status:running\" ; then\n      echo \"Port ${RCT_METRO_PORT} already in use, packager is either not running or not running correctly\"\n      exit 2\n    fi\n  else\n    open \"$SRCROOT/../node_modules/react-native/scripts/launchPackager.command\" || echo \"Can't start packager automatically\"\n  fi\nfi\n";
			showEnvVarsInLog = 0;
		};
/* End PBXShellScriptBuildPhase section */

/* Begin PBXSourcesBuildPhase section */
		00E356EA1AD99517003FC87E /* Sources */ = {
			isa = PBXSourcesBuildPhase;
			buildActionMask = 2147483647;
			files = (
				00E356F31AD99517003FC87E /* TerimaCurhatAsiTests.m in Sources */,
			);
			runOnlyForDeploymentPostprocessing = 0;
		};
		13B07F871A680F5B00A75B9A /* Sources */ = {
			isa = PBXSourcesBuildPhase;
			buildActionMask = 2147483647;
			files = (
				13B07FBC1A68108700A75B9A /* AppDelegate.m in Sources */,
				13B07FC11A68108700A75B9A /* main.m in Sources */,
			);
			runOnlyForDeploymentPostprocessing = 0;
		};
		2D02E4771E0B4A5D006451C7 /* Sources */ = {
			isa = PBXSourcesBuildPhase;
			buildActionMask = 2147483647;
			files = (
				2D02E4BF1E0B4AB3006451C7 /* main.m in Sources */,
				2D02E4BC1E0B4A80006451C7 /* AppDelegate.m in Sources */,
			);
			runOnlyForDeploymentPostprocessing = 0;
		};
		2D02E48C1E0B4A5D006451C7 /* Sources */ = {
			isa = PBXSourcesBuildPhase;
			buildActionMask = 2147483647;
			files = (
				2DCD954D1E0B4F2C00145EB5 /* TerimaCurhatAsiTests.m in Sources */,
			);
			runOnlyForDeploymentPostprocessing = 0;
		};
/* End PBXSourcesBuildPhase section */

/* Begin PBXTargetDependency section */
		00E356F51AD99517003FC87E /* PBXTargetDependency */ = {
			isa = PBXTargetDependency;
			target = 13B07F861A680F5B00A75B9A /* TerimaCurhatAsi */;
			targetProxy = 00E356F41AD99517003FC87E /* PBXContainerItemProxy */;
		};
		2D02E4921E0B4A5D006451C7 /* PBXTargetDependency */ = {
			isa = PBXTargetDependency;
			target = 2D02E47A1E0B4A5D006451C7 /* TerimaCurhatAsi-tvOS */;
			targetProxy = 2D02E4911E0B4A5D006451C7 /* PBXContainerItemProxy */;
		};
/* End PBXTargetDependency section */

/* Begin XCBuildConfiguration section */
		00E356F61AD99517003FC87E /* Debug */ = {
			isa = XCBuildConfiguration;
			buildSettings = {
				BUNDLE_LOADER = "$(TEST_HOST)";
				GCC_PREPROCESSOR_DEFINITIONS = (
					"DEBUG=1",
					"$(inherited)",
				);
				INFOPLIST_FILE = TerimaCurhatAsiTests/Info.plist;
				IPHONEOS_DEPLOYMENT_TARGET = 10.0;
				LD_RUNPATH_SEARCH_PATHS = "$(inherited) @executable_path/Frameworks @loader_path/Frameworks";
				OTHER_LDFLAGS = (
					"-ObjC",
					"-lc++",
					"$(inherited)",
				);
				PRODUCT_BUNDLE_IDENTIFIER = "org.reactjs.native.example.$(PRODUCT_NAME:rfc1034identifier)";
				PRODUCT_NAME = "$(TARGET_NAME)";
				TEST_HOST = "$(BUILT_PRODUCTS_DIR)/TerimaCurhatAsi.app/TerimaCurhatAsi";
			};
			name = Debug;
		};
		00E356F71AD99517003FC87E /* Release */ = {
			isa = XCBuildConfiguration;
			buildSettings = {
				BUNDLE_LOADER = "$(TEST_HOST)";
				COPY_PHASE_STRIP = NO;
				INFOPLIST_FILE = TerimaCurhatAsiTests/Info.plist;
				IPHONEOS_DEPLOYMENT_TARGET = 10.0;
				LD_RUNPATH_SEARCH_PATHS = "$(inherited) @executable_path/Frameworks @loader_path/Frameworks";
				OTHER_LDFLAGS = (
					"-ObjC",
					"-lc++",
					"$(inherited)",
				);
				PRODUCT_BUNDLE_IDENTIFIER = "org.reactjs.native.example.$(PRODUCT_NAME:rfc1034identifier)";
				PRODUCT_NAME = "$(TARGET_NAME)";
				TEST_HOST = "$(BUILT_PRODUCTS_DIR)/TerimaCurhatAsi.app/TerimaCurhatAsi";
			};
			name = Release;
		};
		13B07F941A680F5B00A75B9A /* Debug */ = {
			isa = XCBuildConfiguration;
			buildSettings = {
				ASSETCATALOG_COMPILER_APPICON_NAME = AppIcon;
				CLANG_ENABLE_MODULES = YES;
				CURRENT_PROJECT_VERSION = 1;
				ENABLE_BITCODE = NO;
				INFOPLIST_FILE = TerimaCurhatAsi/Info.plist;
				LD_RUNPATH_SEARCH_PATHS = "$(inherited) @executable_path/Frameworks";
				OTHER_LDFLAGS = (
					"$(inherited)",
					"-ObjC",
					"-lc++",
				);
				PRODUCT_BUNDLE_IDENTIFIER = "org.reactjs.native.example.$(PRODUCT_NAME:rfc1034identifier)";
				PRODUCT_NAME = TerimaCurhatAsi;
				SWIFT_OPTIMIZATION_LEVEL = "-Onone";
				SWIFT_VERSION = 5.0;
				VERSIONING_SYSTEM = "apple-generic";
			};
			name = Debug;
		};
		13B07F951A680F5B00A75B9A /* Release */ = {
			isa = XCBuildConfiguration;
			buildSettings = {
				ASSETCATALOG_COMPILER_APPICON_NAME = AppIcon;
				CLANG_ENABLE_MODULES = YES;
				CURRENT_PROJECT_VERSION = 1;
				INFOPLIST_FILE = TerimaCurhatAsi/Info.plist;
				LD_RUNPATH_SEARCH_PATHS = "$(inherited) @executable_path/Frameworks";
				OTHER_LDFLAGS = (
					"$(inherited)",
					"-ObjC",
					"-lc++",
				);
				PRODUCT_BUNDLE_IDENTIFIER = "org.reactjs.native.example.$(PRODUCT_NAME:rfc1034identifier)";
				PRODUCT_NAME = TerimaCurhatAsi;
				SWIFT_VERSION = 5.0;
				VERSIONING_SYSTEM = "apple-generic";
			};
			name = Release;
		};
		2D02E4971E0B4A5E006451C7 /* Debug */ = {
			isa = XCBuildConfiguration;
			buildSettings = {
				ASSETCATALOG_COMPILER_APPICON_NAME = "App Icon & Top Shelf Image";
				ASSETCATALOG_COMPILER_LAUNCHIMAGE_NAME = LaunchImage;
				CLANG_ANALYZER_NONNULL = YES;
				CLANG_WARN_DOCUMENTATION_COMMENTS = YES;
				CLANG_WARN_INFINITE_RECURSION = YES;
				CLANG_WARN_SUSPICIOUS_MOVE = YES;
				DEBUG_INFORMATION_FORMAT = dwarf;
				ENABLE_TESTABILITY = YES;
				GCC_NO_COMMON_BLOCKS = YES;
				INFOPLIST_FILE = "TerimaCurhatAsi-tvOS/Info.plist";
				LD_RUNPATH_SEARCH_PATHS = "$(inherited) @executable_path/Frameworks";
				OTHER_LDFLAGS = (
					"$(inherited)",
					"-ObjC",
					"-lc++",
				);
				PRODUCT_BUNDLE_IDENTIFIER = "org.reactjs.native.example.TerimaCurhatAsi-tvOS";
				PRODUCT_NAME = "$(TARGET_NAME)";
				SDKROOT = appletvos;
				TARGETED_DEVICE_FAMILY = 3;
				TVOS_DEPLOYMENT_TARGET = 10.0;
			};
			name = Debug;
		};
		2D02E4981E0B4A5E006451C7 /* Release */ = {
			isa = XCBuildConfiguration;
			buildSettings = {
				ASSETCATALOG_COMPILER_APPICON_NAME = "App Icon & Top Shelf Image";
				ASSETCATALOG_COMPILER_LAUNCHIMAGE_NAME = LaunchImage;
				CLANG_ANALYZER_NONNULL = YES;
				CLANG_WARN_DOCUMENTATION_COMMENTS = YES;
				CLANG_WARN_INFINITE_RECURSION = YES;
				CLANG_WARN_SUSPICIOUS_MOVE = YES;
				COPY_PHASE_STRIP = NO;
				DEBUG_INFORMATION_FORMAT = "dwarf-with-dsym";
				GCC_NO_COMMON_BLOCKS = YES;
				INFOPLIST_FILE = "TerimaCurhatAsi-tvOS/Info.plist";
				LD_RUNPATH_SEARCH_PATHS = "$(inherited) @executable_path/Frameworks";
				OTHER_LDFLAGS = (
					"$(inherited)",
					"-ObjC",
					"-lc++",
				);
				PRODUCT_BUNDLE_IDENTIFIER = "org.reactjs.native.example.TerimaCurhatAsi-tvOS";
				PRODUCT_NAME = "$(TARGET_NAME)";
				SDKROOT = appletvos;
				TARGETED_DEVICE_FAMILY = 3;
				TVOS_DEPLOYMENT_TARGET = 10.0;
			};
			name = Release;
		};
		2D02E4991E0B4A5E006451C7 /* Debug */ = {
			isa = XCBuildConfiguration;
			buildSettings = {
				BUNDLE_LOADER = "$(TEST_HOST)";
				CLANG_ANALYZER_NONNULL = YES;
				CLANG_WARN_DOCUMENTATION_COMMENTS = YES;
				CLANG_WARN_INFINITE_RECURSION = YES;
				CLANG_WARN_SUSPICIOUS_MOVE = YES;
				DEBUG_INFORMATION_FORMAT = dwarf;
				ENABLE_TESTABILITY = YES;
				GCC_NO_COMMON_BLOCKS = YES;
				INFOPLIST_FILE = "TerimaCurhatAsi-tvOSTests/Info.plist";
				LD_RUNPATH_SEARCH_PATHS = "$(inherited) @executable_path/Frameworks @loader_path/Frameworks";
				OTHER_LDFLAGS = (
					"$(inherited)",
					"-ObjC",
					"-lc++",
				);
				PRODUCT_BUNDLE_IDENTIFIER = "org.reactjs.native.example.TerimaCurhatAsi-tvOSTests";
				PRODUCT_NAME = "$(TARGET_NAME)";
				SDKROOT = appletvos;
				TEST_HOST = "$(BUILT_PRODUCTS_DIR)/TerimaCurhatAsi-tvOS.app/TerimaCurhatAsi-tvOS";
				TVOS_DEPLOYMENT_TARGET = 10.1;
			};
			name = Debug;
		};
		2D02E49A1E0B4A5E006451C7 /* Release */ = {
			isa = XCBuildConfiguration;
			buildSettings = {
				BUNDLE_LOADER = "$(TEST_HOST)";
				CLANG_ANALYZER_NONNULL = YES;
				CLANG_WARN_DOCUMENTATION_COMMENTS = YES;
				CLANG_WARN_INFINITE_RECURSION = YES;
				CLANG_WARN_SUSPICIOUS_MOVE = YES;
				COPY_PHASE_STRIP = NO;
				DEBUG_INFORMATION_FORMAT = "dwarf-with-dsym";
				GCC_NO_COMMON_BLOCKS = YES;
				INFOPLIST_FILE = "TerimaCurhatAsi-tvOSTests/Info.plist";
				LD_RUNPATH_SEARCH_PATHS = "$(inherited) @executable_path/Frameworks @loader_path/Frameworks";
				OTHER_LDFLAGS = (
					"$(inherited)",
					"-ObjC",
					"-lc++",
				);
				PRODUCT_BUNDLE_IDENTIFIER = "org.reactjs.native.example.TerimaCurhatAsi-tvOSTests";
				PRODUCT_NAME = "$(TARGET_NAME)";
				SDKROOT = appletvos;
				TEST_HOST = "$(BUILT_PRODUCTS_DIR)/TerimaCurhatAsi-tvOS.app/TerimaCurhatAsi-tvOS";
				TVOS_DEPLOYMENT_TARGET = 10.1;
			};
			name = Release;
		};
		83CBBA201A601CBA00E9B192 /* Debug */ = {
			isa = XCBuildConfiguration;
			buildSettings = {
				ALWAYS_SEARCH_USER_PATHS = NO;
				CLANG_ANALYZER_LOCALIZABILITY_NONLOCALIZED = YES;
				CLANG_CXX_LANGUAGE_STANDARD = "gnu++0x";
				CLANG_CXX_LIBRARY = "libc++";
				CLANG_ENABLE_MODULES = YES;
				CLANG_ENABLE_OBJC_ARC = YES;
				CLANG_WARN_BLOCK_CAPTURE_AUTORELEASING = YES;
				CLANG_WARN_BOOL_CONVERSION = YES;
				CLANG_WARN_COMMA = YES;
				CLANG_WARN_CONSTANT_CONVERSION = YES;
				CLANG_WARN_DEPRECATED_OBJC_IMPLEMENTATIONS = YES;
				CLANG_WARN_DIRECT_OBJC_ISA_USAGE = YES_ERROR;
				CLANG_WARN_EMPTY_BODY = YES;
				CLANG_WARN_ENUM_CONVERSION = YES;
				CLANG_WARN_INFINITE_RECURSION = YES;
				CLANG_WARN_INT_CONVERSION = YES;
				CLANG_WARN_NON_LITERAL_NULL_CONVERSION = YES;
				CLANG_WARN_OBJC_IMPLICIT_RETAIN_SELF = YES;
				CLANG_WARN_OBJC_LITERAL_CONVERSION = YES;
				CLANG_WARN_OBJC_ROOT_CLASS = YES_ERROR;
				CLANG_WARN_RANGE_LOOP_ANALYSIS = YES;
				CLANG_WARN_STRICT_PROTOTYPES = YES;
				CLANG_WARN_SUSPICIOUS_MOVE = YES;
				CLANG_WARN_UNREACHABLE_CODE = YES;
				CLANG_WARN__DUPLICATE_METHOD_MATCH = YES;
				"CODE_SIGN_IDENTITY[sdk=iphoneos*]" = "iPhone Developer";
				COPY_PHASE_STRIP = NO;
				ENABLE_STRICT_OBJC_MSGSEND = YES;
				ENABLE_TESTABILITY = YES;
				GCC_C_LANGUAGE_STANDARD = gnu99;
				GCC_DYNAMIC_NO_PIC = NO;
				GCC_NO_COMMON_BLOCKS = YES;
				GCC_OPTIMIZATION_LEVEL = 0;
				GCC_PREPROCESSOR_DEFINITIONS = (
					"DEBUG=1",
					"$(inherited)",
				);
				GCC_SYMBOLS_PRIVATE_EXTERN = NO;
				GCC_WARN_64_TO_32_BIT_CONVERSION = YES;
				GCC_WARN_ABOUT_RETURN_TYPE = YES_ERROR;
				GCC_WARN_UNDECLARED_SELECTOR = YES;
				GCC_WARN_UNINITIALIZED_AUTOS = YES_AGGRESSIVE;
				GCC_WARN_UNUSED_FUNCTION = YES;
				GCC_WARN_UNUSED_VARIABLE = YES;
				IPHONEOS_DEPLOYMENT_TARGET = 10.0;
				LD_RUNPATH_SEARCH_PATHS = "/usr/lib/swift $(inherited)";
				LIBRARY_SEARCH_PATHS = (
					"\"$(TOOLCHAIN_DIR)/usr/lib/swift/$(PLATFORM_NAME)\"",
					"\"$(TOOLCHAIN_DIR)/usr/lib/swift-5.0/$(PLATFORM_NAME)\"",
					"\"$(inherited)\"",
				);
				MTL_ENABLE_DEBUG_INFO = YES;
				ONLY_ACTIVE_ARCH = YES;
				SDKROOT = iphoneos;
			};
			name = Debug;
		};
		83CBBA211A601CBA00E9B192 /* Release */ = {
			isa = XCBuildConfiguration;
			buildSettings = {
				ALWAYS_SEARCH_USER_PATHS = NO;
				CLANG_ANALYZER_LOCALIZABILITY_NONLOCALIZED = YES;
				CLANG_CXX_LANGUAGE_STANDARD = "gnu++0x";
				CLANG_CXX_LIBRARY = "libc++";
				CLANG_ENABLE_MODULES = YES;
				CLANG_ENABLE_OBJC_ARC = YES;
				CLANG_WARN_BLOCK_CAPTURE_AUTORELEASING = YES;
				CLANG_WARN_BOOL_CONVERSION = YES;
				CLANG_WARN_COMMA = YES;
				CLANG_WARN_CONSTANT_CONVERSION = YES;
				CLANG_WARN_DEPRECATED_OBJC_IMPLEMENTATIONS = YES;
				CLANG_WARN_DIRECT_OBJC_ISA_USAGE = YES_ERROR;
				CLANG_WARN_EMPTY_BODY = YES;
				CLANG_WARN_ENUM_CONVERSION = YES;
				CLANG_WARN_INFINITE_RECURSION = YES;
				CLANG_WARN_INT_CONVERSION = YES;
				CLANG_WARN_NON_LITERAL_NULL_CONVERSION = YES;
				CLANG_WARN_OBJC_IMPLICIT_RETAIN_SELF = YES;
				CLANG_WARN_OBJC_LITERAL_CONVERSION = YES;
				CLANG_WARN_OBJC_ROOT_CLASS = YES_ERROR;
				CLANG_WARN_RANGE_LOOP_ANALYSIS = YES;
				CLANG_WARN_STRICT_PROTOTYPES = YES;
				CLANG_WARN_SUSPICIOUS_MOVE = YES;
				CLANG_WARN_UNREACHABLE_CODE = YES;
				CLANG_WARN__DUPLICATE_METHOD_MATCH = YES;
				"CODE_SIGN_IDENTITY[sdk=iphoneos*]" = "iPhone Developer";
				COPY_PHASE_STRIP = YES;
				ENABLE_NS_ASSERTIONS = NO;
				ENABLE_STRICT_OBJC_MSGSEND = YES;
				GCC_C_LANGUAGE_STANDARD = gnu99;
				GCC_NO_COMMON_BLOCKS = YES;
				GCC_WARN_64_TO_32_BIT_CONVERSION = YES;
				GCC_WARN_ABOUT_RETURN_TYPE = YES_ERROR;
				GCC_WARN_UNDECLARED_SELECTOR = YES;
				GCC_WARN_UNINITIALIZED_AUTOS = YES_AGGRESSIVE;
				GCC_WARN_UNUSED_FUNCTION = YES;
				GCC_WARN_UNUSED_VARIABLE = YES;
				IPHONEOS_DEPLOYMENT_TARGET = 10.0;
				LD_RUNPATH_SEARCH_PATHS = "/usr/lib/swift $(inherited)";
				LIBRARY_SEARCH_PATHS = (
					"\"$(TOOLCHAIN_DIR)/usr/lib/swift/$(PLATFORM_NAME)\"",
					"\"$(TOOLCHAIN_DIR)/usr/lib/swift-5.0/$(PLATFORM_NAME)\"",
					"\"$(inherited)\"",
				);
				MTL_ENABLE_DEBUG_INFO = NO;
				SDKROOT = iphoneos;
				VALIDATE_PRODUCT = YES;
			};
			name = Release;
		};
/* End XCBuildConfiguration section */

/* Begin XCConfigurationList section */
		00E357021AD99517003FC87E /* Build configuration list for PBXNativeTarget "TerimaCurhatAsiTests" */ = {
			isa = XCConfigurationList;
			buildConfigurations = (
				00E356F61AD99517003FC87E /* Debug */,
				00E356F71AD99517003FC87E /* Release */,
			);
			defaultConfigurationIsVisible = 0;
			defaultConfigurationName = Release;
		};
		13B07F931A680F5B00A75B9A /* Build configuration list for PBXNativeTarget "TerimaCurhatAsi" */ = {
			isa = XCConfigurationList;
			buildConfigurations = (
				13B07F941A680F5B00A75B9A /* Debug */,
				13B07F951A680F5B00A75B9A /* Release */,
			);
			defaultConfigurationIsVisible = 0;
			defaultConfigurationName = Release;
		};
		2D02E4BA1E0B4A5E006451C7 /* Build configuration list for PBXNativeTarget "TerimaCurhatAsi-tvOS" */ = {
			isa = XCConfigurationList;
			buildConfigurations = (
				2D02E4971E0B4A5E006451C7 /* Debug */,
				2D02E4981E0B4A5E006451C7 /* Release */,
			);
			defaultConfigurationIsVisible = 0;
			defaultConfigurationName = Release;
		};
		2D02E4BB1E0B4A5E006451C7 /* Build configuration list for PBXNativeTarget "TerimaCurhatAsi-tvOSTests" */ = {
			isa = XCConfigurationList;
			buildConfigurations = (
				2D02E4991E0B4A5E006451C7 /* Debug */,
				2D02E49A1E0B4A5E006451C7 /* Release */,
			);
			defaultConfigurationIsVisible = 0;
			defaultConfigurationName = Release;
		};
		83CBB9FA1A601CBA00E9B192 /* Build configuration list for PBXProject "TerimaCurhatAsi" */ = {
			isa = XCConfigurationList;
			buildConfigurations = (
				83CBBA201A601CBA00E9B192 /* Debug */,
				83CBBA211A601CBA00E9B192 /* Release */,
			);
			defaultConfigurationIsVisible = 0;
			defaultConfigurationName = Release;
		};
/* End XCConfigurationList section */
	};
	rootObject = 83CBB9F71A601CBA00E9B192 /* Project object */;
}
